
Microsoft Visual Studio Solution File, Format Version 12.00
# Visual Studio Version 16
VisualStudioVersion = 16.0.30503.244
MinimumVisualStudioVersion = 10.0.40219.1
Project("{FAE04EC0-301F-11D3-BF4B-00C04F79EFBC}") = "EstudianteSeguro1", "EstudianteSeguro1\EstudianteSeguro1.csproj", "{BDFF853A-0D6D-495E-96F7-CE6D85FC7100}"
EndProject
Global
	GlobalSection(SolutionConfigurationPlatforms) = preSolution
		Debug|Any CPU = Debug|Any CPU
		Release|Any CPU = Release|Any CPU
	EndGlobalSection
	GlobalSection(ProjectConfigurationPlatforms) = postSolution
		{BDFF853A-0D6D-495E-96F7-CE6D85FC7100}.Debug|Any CPU.ActiveCfg = Debug|Any CPU
		{BDFF853A-0D6D-495E-96F7-CE6D85FC7100}.Debug|Any CPU.Build.0 = Debug|Any CPU
		{BDFF853A-0D6D-495E-96F7-CE6D85FC7100}.Release|Any CPU.ActiveCfg = Release|Any CPU
		{BDFF853A-0D6D-495E-96F7-CE6D85FC7100}.Release|Any CPU.Build.0 = Release|Any CPU
	EndGlobalSection
	GlobalSection(SolutionProperties) = preSolution
		HideSolutionNode = FALSE
	EndGlobalSection
	GlobalSection(ExtensibilityGlobals) = postSolution
		SolutionGuid = {7FFDEFF3-10DC-46E7-95A9-42BFD13CD97D}
	EndGlobalSection
EndGlobal
